
Microsoft Visual Studio Solution File, Format Version 12.00
# Visual Studio 15
VisualStudioVersion = 15.0.28010.2026
MinimumVisualStudioVersion = 10.0.40219.1
Project("{9A19103F-16F7-4668-BE54-9A1E7A4F7556}") = "MongoThings.Web", "MongoThings.Web\MongoThings.Web.csproj", "{3AD5394F-E47B-4BA3-AF54-B5F5B6727A3D}"
EndProject
Project("{2150E333-8FDC-42A3-9474-1A3956D46DE8}") = "Solution Items", "Solution Items", "{C959F56F-E9F7-47E1-9205-8B1922E878EE}"
	ProjectSection(SolutionItems) = preProject
		run-local-mongo.bat = run-local-mongo.bat
	EndProjectSection
EndProject
Global
	GlobalSection(SolutionConfigurationPlatforms) = preSolution
		Debug|Any CPU = Debug|Any CPU
		Release|Any CPU = Release|Any CPU
	EndGlobalSection
	GlobalSection(ProjectConfigurationPlatforms) = postSolution
		{3AD5394F-E47B-4BA3-AF54-B5F5B6727A3D}.Debug|Any CPU.ActiveCfg = Debug|Any CPU
		{3AD5394F-E47B-4BA3-AF54-B5F5B6727A3D}.Debug|Any CPU.Build.0 = Debug|Any CPU
		{3AD5394F-E47B-4BA3-AF54-B5F5B6727A3D}.Release|Any CPU.ActiveCfg = Release|Any CPU
		{3AD5394F-E47B-4BA3-AF54-B5F5B6727A3D}.Release|Any CPU.Build.0 = Release|Any CPU
	EndGlobalSection
	GlobalSection(SolutionProperties) = preSolution
		HideSolutionNode = FALSE
	EndGlobalSection
	GlobalSection(ExtensibilityGlobals) = postSolution
		SolutionGuid = {5EE35D0D-FFCD-4BE9-A53A-8B7DA91B4713}
	EndGlobalSection
EndGlobal
